{
  "meteor": {},
  "dependencies": {
    "basePackages": {
      "smartfile-api": {}
    },
    "packages": {
      "smartfile-api": {
        "git": "https://github.com/Goluis/meteor-smartfile.git",
        "tag": "v0.1.5",
        "commit": "cf3ace7e2f89ec11c170544ec9a79aa13fc04732"
      }
    }
  }
}
