{
  "meteor": {},
  "dependencies": {
    "basePackages": {
      "smartfile-api": {}
    },
    "packages": {
      "smartfile-api": {
        "git": "https://github.com/Goluis/meteor-smartfile.git",
        "tag": "v0.1.3",
        "commit": "febdfc56554be60f297ff071b14c0c3ff42c3139"
      }
    }
  }
}
